
Microsoft Visual Studio Solution File, Format Version 12.00
# Visual Studio Version 16
VisualStudioVersion = 16.0.28822.285
MinimumVisualStudioVersion = 10.0.40219.1
Project("{FAE04EC0-301F-11D3-BF4B-00C04F79EFBC}") = "ShadySoft.Authentication", "ShadySoft.Authentication\ShadySoft.Authentication.csproj", "{502500AF-09E9-4EA9-83FD-3F807F5E4E7D}"
EndProject
Global
	GlobalSection(SolutionConfigurationPlatforms) = preSolution
		Debug|Any CPU = Debug|Any CPU
		Release|Any CPU = Release|Any CPU
	EndGlobalSection
	GlobalSection(ProjectConfigurationPlatforms) = postSolution
		{502500AF-09E9-4EA9-83FD-3F807F5E4E7D}.Debug|Any CPU.ActiveCfg = Debug|Any CPU
		{502500AF-09E9-4EA9-83FD-3F807F5E4E7D}.Debug|Any CPU.Build.0 = Debug|Any CPU
		{502500AF-09E9-4EA9-83FD-3F807F5E4E7D}.Release|Any CPU.ActiveCfg = Release|Any CPU
		{502500AF-09E9-4EA9-83FD-3F807F5E4E7D}.Release|Any CPU.Build.0 = Release|Any CPU
	EndGlobalSection
	GlobalSection(SolutionProperties) = preSolution
		HideSolutionNode = FALSE
	EndGlobalSection
	GlobalSection(ExtensibilityGlobals) = postSolution
		SolutionGuid = {C2EB2968-96D2-4D0B-A5E0-386B76F56C86}
	EndGlobalSection
EndGlobal
